
Microsoft Visual Studio Solution File, Format Version 12.00
# Visual Studio Version 17
VisualStudioVersion = 17.10.35122.118
MinimumVisualStudioVersion = 10.0.40219.1
Project("{FAE04EC0-301F-11D3-BF4B-00C04F79EFBC}") = "MvcProject", "MvcProject\MvcProject.csproj", "{DBA36344-90A7-4DB8-AB96-3D2AABCBE2CC}"
EndProject
Global
	GlobalSection(SolutionConfigurationPlatforms) = preSolution
		Debug|Any CPU = Debug|Any CPU
		Release|Any CPU = Release|Any CPU
	EndGlobalSection
	GlobalSection(ProjectConfigurationPlatforms) = postSolution
		{DBA36344-90A7-4DB8-AB96-3D2AABCBE2CC}.Debug|Any CPU.ActiveCfg = Debug|Any CPU
		{DBA36344-90A7-4DB8-AB96-3D2AABCBE2CC}.Debug|Any CPU.Build.0 = Debug|Any CPU
		{DBA36344-90A7-4DB8-AB96-3D2AABCBE2CC}.Release|Any CPU.ActiveCfg = Release|Any CPU
		{DBA36344-90A7-4DB8-AB96-3D2AABCBE2CC}.Release|Any CPU.Build.0 = Release|Any CPU
	EndGlobalSection
	GlobalSection(SolutionProperties) = preSolution
		HideSolutionNode = FALSE
	EndGlobalSection
	GlobalSection(ExtensibilityGlobals) = postSolution
		SolutionGuid = {0C59DC1E-DFCE-42A3-8D9D-C31D5F835C0F}
	EndGlobalSection
EndGlobal
